
Microsoft Visual Studio Solution File, Format Version 12.00
# Visual Studio Version 16
VisualStudioVersion = 16.0.30717.126
MinimumVisualStudioVersion = 10.0.40219.1
Project("{FAE04EC0-301F-11D3-BF4B-00C04F79EFBC}") = "WindowsFormsApp", "WindowsFormsApp\WindowsFormsApp.csproj", "{3CC2B6BB-E54A-4A1D-A402-6087A119A40D}"
EndProject
Global
	GlobalSection(SolutionConfigurationPlatforms) = preSolution
		Debug|Any CPU = Debug|Any CPU
		Release|Any CPU = Release|Any CPU
	EndGlobalSection
	GlobalSection(ProjectConfigurationPlatforms) = postSolution
		{3CC2B6BB-E54A-4A1D-A402-6087A119A40D}.Debug|Any CPU.ActiveCfg = Debug|Any CPU
		{3CC2B6BB-E54A-4A1D-A402-6087A119A40D}.Debug|Any CPU.Build.0 = Debug|Any CPU
		{3CC2B6BB-E54A-4A1D-A402-6087A119A40D}.Release|Any CPU.ActiveCfg = Release|Any CPU
		{3CC2B6BB-E54A-4A1D-A402-6087A119A40D}.Release|Any CPU.Build.0 = Release|Any CPU
	EndGlobalSection
	GlobalSection(SolutionProperties) = preSolution
		HideSolutionNode = FALSE
	EndGlobalSection
	GlobalSection(ExtensibilityGlobals) = postSolution
		SolutionGuid = {99421619-95FA-4604-8EB3-A01272941B2A}
	EndGlobalSection
EndGlobal
